
Microsoft Visual Studio Solution File, Format Version 12.00
# Visual Studio Version 17
VisualStudioVersion = 17.14.36511.14 d17.14
MinimumVisualStudioVersion = 10.0.40219.1
Project("{FAE04EC0-301F-11D3-BF4B-00C04F79EFBC}") = "Superheroes", "Superheroes\Superheroes.csproj", "{87F14920-BAB4-4077-BAF6-6EE36D1316EC}"
EndProject
Global
	GlobalSection(SolutionConfigurationPlatforms) = preSolution
		Debug|Any CPU = Debug|Any CPU
		Release|Any CPU = Release|Any CPU
	EndGlobalSection
	GlobalSection(ProjectConfigurationPlatforms) = postSolution
		{87F14920-BAB4-4077-BAF6-6EE36D1316EC}.Debug|Any CPU.ActiveCfg = Debug|Any CPU
		{87F14920-BAB4-4077-BAF6-6EE36D1316EC}.Debug|Any CPU.Build.0 = Debug|Any CPU
		{87F14920-BAB4-4077-BAF6-6EE36D1316EC}.Release|Any CPU.ActiveCfg = Release|Any CPU
		{87F14920-BAB4-4077-BAF6-6EE36D1316EC}.Release|Any CPU.Build.0 = Release|Any CPU
	EndGlobalSection
	GlobalSection(SolutionProperties) = preSolution
		HideSolutionNode = FALSE
	EndGlobalSection
	GlobalSection(ExtensibilityGlobals) = postSolution
		SolutionGuid = {497BD3F5-FE80-4F26-B2FE-FA0DEA8A22A3}
	EndGlobalSection
EndGlobal
